
Microsoft Visual Studio Solution File, Format Version 12.00
# Visual Studio Version 17
VisualStudioVersion = 17.0.31903.59
MinimumVisualStudioVersion = 10.0.40219.1
Project("{FAE04EC0-301F-11D3-BF4B-00C04F79EFBC}") = "Calculator.Domain", "Calculator.Domain\Calculator.Domain.csproj", "{D524C4F5-7DC8-4412-A036-9A2B0032F931}"
EndProject
Project("{FAE04EC0-301F-11D3-BF4B-00C04F79EFBC}") = "Calculator.Domain.Tests", "Calculator.Domain.Tests\Calculator.Domain.Tests.csproj", "{675453D3-638A-45C5-9403-8BEE8E8BC80C}"
EndProject
Global
	GlobalSection(SolutionConfigurationPlatforms) = preSolution
		Debug|Any CPU = Debug|Any CPU
		Release|Any CPU = Release|Any CPU
	EndGlobalSection
	GlobalSection(SolutionProperties) = preSolution
		HideSolutionNode = FALSE
	EndGlobalSection
	GlobalSection(ProjectConfigurationPlatforms) = postSolution
		{D524C4F5-7DC8-4412-A036-9A2B0032F931}.Debug|Any CPU.ActiveCfg = Debug|Any CPU
		{D524C4F5-7DC8-4412-A036-9A2B0032F931}.Debug|Any CPU.Build.0 = Debug|Any CPU
		{D524C4F5-7DC8-4412-A036-9A2B0032F931}.Release|Any CPU.ActiveCfg = Release|Any CPU
		{D524C4F5-7DC8-4412-A036-9A2B0032F931}.Release|Any CPU.Build.0 = Release|Any CPU
		{675453D3-638A-45C5-9403-8BEE8E8BC80C}.Debug|Any CPU.ActiveCfg = Debug|Any CPU
		{675453D3-638A-45C5-9403-8BEE8E8BC80C}.Debug|Any CPU.Build.0 = Debug|Any CPU
		{675453D3-638A-45C5-9403-8BEE8E8BC80C}.Release|Any CPU.ActiveCfg = Release|Any CPU
		{675453D3-638A-45C5-9403-8BEE8E8BC80C}.Release|Any CPU.Build.0 = Release|Any CPU
	EndGlobalSection
EndGlobal
